<Solution>
  <Folder Name="/src/">
    <Project Path="src/Zeven/Zeven.csproj" />
    <Project Path="src/Zeven.Cli/Zeven.Cli.csproj" />
  </Folder>
  <Folder Name="/tests/">
    <Project Path="tests/Zeven.Tests/Zeven.Tests.csproj" />
  </Folder>
  <Folder Name="/benchmarks/">
    <Project Path="benchmarks/Zeven.Benchmarks/Zeven.Benchmarks.csproj" />
  </Folder>
</Solution>
